
Microsoft Visual Studio Solution File, Format Version 12.00
# Visual Studio Version 17
VisualStudioVersion = 17.9.34622.214
MinimumVisualStudioVersion = 10.0.40219.1
Project("{FAE04EC0-301F-11D3-BF4B-00C04F79EFBC}") = "FootballPlayersCatalog", "FootballPlayersCatalog\FootballPlayersCatalog.csproj", "{CD429C19-F9BA-4670-BA0B-F6B5D914C000}"
EndProject
Global
	GlobalSection(SolutionConfigurationPlatforms) = preSolution
		Debug|Any CPU = Debug|Any CPU
		Release|Any CPU = Release|Any CPU
	EndGlobalSection
	GlobalSection(ProjectConfigurationPlatforms) = postSolution
		{CD429C19-F9BA-4670-BA0B-F6B5D914C000}.Debug|Any CPU.ActiveCfg = Debug|Any CPU
		{CD429C19-F9BA-4670-BA0B-F6B5D914C000}.Debug|Any CPU.Build.0 = Debug|Any CPU
		{CD429C19-F9BA-4670-BA0B-F6B5D914C000}.Release|Any CPU.ActiveCfg = Release|Any CPU
		{CD429C19-F9BA-4670-BA0B-F6B5D914C000}.Release|Any CPU.Build.0 = Release|Any CPU
	EndGlobalSection
	GlobalSection(SolutionProperties) = preSolution
		HideSolutionNode = FALSE
	EndGlobalSection
	GlobalSection(ExtensibilityGlobals) = postSolution
		SolutionGuid = {356C2DD7-C016-40D7-AC0D-935CE84E0E81}
	EndGlobalSection
EndGlobal
